{
  "projects": [
    {
      "projectId": "bt7rRxSA55JLviz635SZmg",
      "version": "latest",
      "dependencies": {},
      "lang": "ts",
      "fileLocks": [
        {
          "type": "globalVariant",
          "assetId": "C02yllrcSquj",
          "checksum": "0ada3af19e70d291d700f010623068d0"
        },
        {
          "type": "renderModule",
          "assetId": "dsjvEkc6oERj",
          "checksum": "9af935a58a945a81783b7d552ed89427"
        },
        {
          "type": "cssRules",
          "assetId": "dsjvEkc6oERj",
          "checksum": "9af935a58a945a81783b7d552ed89427"
        },
        {
          "assetId": "bt7rRxSA55JLviz635SZmg",
          "type": "projectCss",
          "checksum": "7e44d3d18185fdef08037e37c645c640"
        }
      ],
      "codegenVersion": "0.0.1"
    }
  ],
  "cliVersion": "0.1.335"
}
